lockfileVersion: '9.0'

settings:
  autoInstallPeers: true
  excludeLinksFromLockfile: false

importers:

  .:
    dependencies:
      caller:
        specifier: ^1.1.0
        version: 1.1.0

packages:

  caller@1.1.0:
    resolution: {integrity: sha512-n+21IZC3j06YpCWaxmUy5AnVqhmCIM2bQtqQyy00HJlmStRt6kwDX5F9Z97pqwAB+G/tgSz6q/kUBbNyQzIubw==}

snapshots:

  caller@1.1.0: {}
